
Microsoft Visual Studio Solution File, Format Version 12.00
# Visual Studio Version 16
VisualStudioVersion = 16.0.30503.244
MinimumVisualStudioVersion = 10.0.40219.1
Project("{FAE04EC0-301F-11D3-BF4B-00C04F79EFBC}") = "RadixSortProject", "RadixSortProject\RadixSortProject.csproj", "{AE4D5BE8-321C-42C6-A605-DFC733A03E4D}"
EndProject
Global
	GlobalSection(SolutionConfigurationPlatforms) = preSolution
		Debug|Any CPU = Debug|Any CPU
		Release|Any CPU = Release|Any CPU
	EndGlobalSection
	GlobalSection(ProjectConfigurationPlatforms) = postSolution
		{AE4D5BE8-321C-42C6-A605-DFC733A03E4D}.Debug|Any CPU.ActiveCfg = Debug|Any CPU
		{AE4D5BE8-321C-42C6-A605-DFC733A03E4D}.Debug|Any CPU.Build.0 = Debug|Any CPU
		{AE4D5BE8-321C-42C6-A605-DFC733A03E4D}.Release|Any CPU.ActiveCfg = Release|Any CPU
		{AE4D5BE8-321C-42C6-A605-DFC733A03E4D}.Release|Any CPU.Build.0 = Release|Any CPU
	EndGlobalSection
	GlobalSection(SolutionProperties) = preSolution
		HideSolutionNode = FALSE
	EndGlobalSection
	GlobalSection(ExtensibilityGlobals) = postSolution
		SolutionGuid = {7429B831-ADDD-4649-B196-732328B68CAF}
	EndGlobalSection
EndGlobal
